
Microsoft Visual Studio Solution File, Format Version 12.00
# Visual Studio Version 16
VisualStudioVersion = 16.0.31624.102
MinimumVisualStudioVersion = 10.0.40219.1
Project("{FAE04EC0-301F-11D3-BF4B-00C04F79EFBC}") = "MakingSense", "MakingSense\MakingSense.csproj", "{468EE17F-EEAA-4947-9653-36F9667DAF71}"
EndProject
Global
	GlobalSection(SolutionConfigurationPlatforms) = preSolution
		Debug|Any CPU = Debug|Any CPU
		Release|Any CPU = Release|Any CPU
	EndGlobalSection
	GlobalSection(ProjectConfigurationPlatforms) = postSolution
		{468EE17F-EEAA-4947-9653-36F9667DAF71}.Debug|Any CPU.ActiveCfg = Debug|Any CPU
		{468EE17F-EEAA-4947-9653-36F9667DAF71}.Debug|Any CPU.Build.0 = Debug|Any CPU
		{468EE17F-EEAA-4947-9653-36F9667DAF71}.Release|Any CPU.ActiveCfg = Release|Any CPU
		{468EE17F-EEAA-4947-9653-36F9667DAF71}.Release|Any CPU.Build.0 = Release|Any CPU
	EndGlobalSection
	GlobalSection(SolutionProperties) = preSolution
		HideSolutionNode = FALSE
	EndGlobalSection
	GlobalSection(ExtensibilityGlobals) = postSolution
		SolutionGuid = {7DDF931B-BC76-4AE0-A772-E5B59F3398E8}
	EndGlobalSection
EndGlobal
